// !$*UTF8*$!
{
	archiveVersion = 1;
	classes = {
	};
	objectVersion = 50;
	objects = {

/* Begin PBXBuildFile section */
		124BF7B13600F0CDDC083C3D /* Pods_iTube.framework in Frameworks */ = {isa = PBXBuildFile; fileRef = D8156F2A792F1FFE83765C0F /* Pods_iTube.framework */; };
		184F099421024C0B003EE946 /* CategoryController.swift in Sources */ = {isa = PBXBuildFile; fileRef = 184F099321024C0B003EE946 /* CategoryController.swift */; };
		184F09962102605D003EE946 /* CategoryCell.swift in Sources */ = {isa = PBXBuildFile; fileRef = 184F09952102605D003EE946 /* CategoryCell.swift */; };
		184F09992102688A003EE946 /* Category.swift in Sources */ = {isa = PBXBuildFile; fileRef = 184F09982102688A003EE946 /* Category.swift */; };
		184F099B2102B953003EE946 /* Video.swift in Sources */ = {isa = PBXBuildFile; fileRef = 184F099A2102B953003EE946 /* Video.swift */; };
		18866F8D21055CB5009A1683 /* FavouriteCell.swift in Sources */ = {isa = PBXBuildFile; fileRef = 18866F8C21055CB5009A1683 /* FavouriteCell.swift */; };
		18866F9021056E06009A1683 /* FavouriteController.swift in Sources */ = {isa = PBXBuildFile; fileRef = 18866F8F21056E06009A1683 /* FavouriteController.swift */; };
		18AF9B0221018C5A00DEA097 /* AppDelegate.swift in Sources */ = {isa = PBXBuildFile; fileRef = 18AF9B0121018C5A00DEA097 /* AppDelegate.swift */; };
		18AF9B0921018C5B00DEA097 /* Assets.xcassets in Resources */ = {isa = PBXBuildFile; fileRef = 18AF9B0821018C5B00DEA097 /* Assets.xcassets */; };
		18AF9B0C21018C5B00DEA097 /* LaunchScreen.storyboard in Resources */ = {isa = PBXBuildFile; fileRef = 18AF9B0A21018C5B00DEA097 /* LaunchScreen.storyboard */; };
		18AF9B1A210190CC00DEA097 /* MainTabBarController.swift in Sources */ = {isa = PBXBuildFile; fileRef = 18AF9B19210190CC00DEA097 /* MainTabBarController.swift */; };
		18AF9B1C2101916A00DEA097 /* GenericService.swift in Sources */ = {isa = PBXBuildFile; fileRef = 18AF9B1B2101916A00DEA097 /* GenericService.swift */; };
		18AF9B1E2101921000DEA097 /* Method.swift in Sources */ = {isa = PBXBuildFile; fileRef = 18AF9B1D2101921000DEA097 /* Method.swift */; };
		18AF9B202101924F00DEA097 /* Object.swift in Sources */ = {isa = PBXBuildFile; fileRef = 18AF9B1F2101924F00DEA097 /* Object.swift */; };
		18AF9B272101A9CA00DEA097 /* Values.swift in Sources */ = {isa = PBXBuildFile; fileRef = 18AF9B262101A9CA00DEA097 /* Values.swift */; };
		18AF9B2F2101BCF600DEA097 /* ColorExtention.swift in Sources */ = {isa = PBXBuildFile; fileRef = 18AF9B2E2101BCF600DEA097 /* ColorExtention.swift */; };
/* End PBXBuildFile section */

/* Begin PBXFileReference section */
		184F099321024C0B003EE946 /* CategoryController.swift */ = {isa = PBXFileReference; lastKnownFileType = sourcecode.swift; path = CategoryController.swift; sourceTree = "<group>"; };
		184F09952102605D003EE946 /* CategoryCell.swift */ = {isa = PBXFileReference; lastKnownFileType = sourcecode.swift; path = CategoryCell.swift; sourceTree = "<group>"; };
		184F09982102688A003EE946 /* Category.swift */ = {isa = PBXFileReference; lastKnownFileType = sourcecode.swift; path = Category.swift; sourceTree = "<group>"; };
		184F099A2102B953003EE946 /* Video.swift */ = {isa = PBXFileReference; lastKnownFileType = sourcecode.swift; path = Video.swift; sourceTree = "<group>"; };
		18866F8C21055CB5009A1683 /* FavouriteCell.swift */ = {isa = PBXFileReference; lastKnownFileType = sourcecode.swift; path = FavouriteCell.swift; sourceTree = "<group>"; };
		18866F8F21056E06009A1683 /* FavouriteController.swift */ = {isa = PBXFileReference; lastKnownFileType = sourcecode.swift; path = FavouriteController.swift; sourceTree = "<group>"; };
		18AF9AFE21018C5A00DEA097 /* iTube.app */ = {isa = PBXFileReference; explicitFileType = wrapper.application; includeInIndex = 0; path = iTube.app; sourceTree = BUILT_PRODUCTS_DIR; };
		18AF9B0121018C5A00DEA097 /* AppDelegate.swift */ = {isa = PBXFileReference; lastKnownFileType = sourcecode.swift; path = AppDelegate.swift; sourceTree = "<group>"; };
		18AF9B0821018C5B00DEA097 /* Assets.xcassets */ = {isa = PBXFileReference; lastKnownFileType = folder.assetcatalog; path = Assets.xcassets; sourceTree = "<group>"; };
		18AF9B0B21018C5B00DEA097 /* Base */ = {isa = PBXFileReference; lastKnownFileType = file.storyboard; name = Base; path = Base.lproj/LaunchScreen.storyboard; sourceTree = "<group>"; };
		18AF9B0D21018C5B00DEA097 /* Info.plist */ = {isa = PBXFileReference; lastKnownFileType = text.plist.xml; path = Info.plist; sourceTree = "<group>"; };
		18AF9B19210190CC00DEA097 /* MainTabBarController.swift */ = {isa = PBXFileReference; lastKnownFileType = sourcecode.swift; path = MainTabBarController.swift; sourceTree = "<group>"; };
		18AF9B1B2101916A00DEA097 /* GenericService.swift */ = {isa = PBXFileReference; lastKnownFileType = sourcecode.swift; path = GenericService.swift; sourceTree = "<group>"; };
		18AF9B1D2101921000DEA097 /* Method.swift */ = {isa = PBXFileReference; lastKnownFileType = sourcecode.swift; path = Method.swift; sourceTree = "<group>"; };
		18AF9B1F2101924F00DEA097 /* Object.swift */ = {isa = PBXFileReference; lastKnownFileType = sourcecode.swift; path = Object.swift; sourceTree = "<group>"; };
		18AF9B262101A9CA00DEA097 /* Values.swift */ = {isa = PBXFileReference; lastKnownFileType = sourcecode.swift; path = Values.swift; sourceTree = "<group>"; };
		18AF9B2E2101BCF600DEA097 /* ColorExtention.swift */ = {isa = PBXFileReference; lastKnownFileType = sourcecode.swift; path = ColorExtention.swift; sourceTree = "<group>"; };
		48D9300EE1857DFDB258341B /* Pods-iTube.debug.xcconfig */ = {isa = PBXFileReference; includeInIndex = 1; lastKnownFileType = text.xcconfig; name = "Pods-iTube.debug.xcconfig"; path = "Pods/Target Support Files/Pods-iTube/Pods-iTube.debug.xcconfig"; sourceTree = "<group>"; };
		D495556103A62E25C38B48F9 /* Pods-iTube.release.xcconfig */ = {isa = PBXFileReference; includeInIndex = 1; lastKnownFileType = text.xcconfig; name = "Pods-iTube.release.xcconfig"; path = "Pods/Target Support Files/Pods-iTube/Pods-iTube.release.xcconfig"; sourceTree = "<group>"; };
		D8156F2A792F1FFE83765C0F /* Pods_iTube.framework */ = {isa = PBXFileReference; explicitFileType = wrapper.framework; includeInIndex = 0; path = Pods_iTube.framework; sourceTree = BUILT_PRODUCTS_DIR; };
/* End PBXFileReference section */

/* Begin PBXFrameworksBuildPhase section */
		18AF9AFB21018C5A00DEA097 /* Frameworks */ = {
			isa = PBXFrameworksBuildPhase;
			buildActionMask = 2147483647;
			files = (
				124BF7B13600F0CDDC083C3D /* Pods_iTube.framework in Frameworks */,
			);
			runOnlyForDeploymentPostprocessing = 0;
		};
/* End PBXFrameworksBuildPhase section */

/* Begin PBXGroup section */
		051CA7C0A8DEEC18D2919619 /* Pods */ = {
			isa = PBXGroup;
			children = (
				48D9300EE1857DFDB258341B /* Pods-iTube.debug.xcconfig */,
				D495556103A62E25C38B48F9 /* Pods-iTube.release.xcconfig */,
			);
			name = Pods;
			sourceTree = "<group>";
		};
		184F099221024BE0003EE946 /* Categories */ = {
			isa = PBXGroup;
			children = (
				184F099321024C0B003EE946 /* CategoryController.swift */,
			);
			path = Categories;
			sourceTree = "<group>";
		};
		184F099721026874003EE946 /* Models */ = {
			isa = PBXGroup;
			children = (
				184F09982102688A003EE946 /* Category.swift */,
				184F099A2102B953003EE946 /* Video.swift */,
			);
			path = Models;
			sourceTree = "<group>";
		};
		18866F8E21056DC0009A1683 /* Favourite */ = {
			isa = PBXGroup;
			children = (
				18866F8F21056E06009A1683 /* FavouriteController.swift */,
			);
			path = Favourite;
			sourceTree = "<group>";
		};
		18AF9AF521018C5900DEA097 = {
			isa = PBXGroup;
			children = (
				18AF9B0021018C5A00DEA097 /* iTube */,
				18AF9AFF21018C5A00DEA097 /* Products */,
				051CA7C0A8DEEC18D2919619 /* Pods */,
				E595E41D919E81858030E7D0 /* Frameworks */,
			);
			sourceTree = "<group>";
		};
		18AF9AFF21018C5A00DEA097 /* Products */ = {
			isa = PBXGroup;
			children = (
				18AF9AFE21018C5A00DEA097 /* iTube.app */,
			);
			name = Products;
			sourceTree = "<group>";
		};
		18AF9B0021018C5A00DEA097 /* iTube */ = {
			isa = PBXGroup;
			children = (
				184F099721026874003EE946 /* Models */,
				18AF9B2C2101BCCE00DEA097 /* Utility */,
				18AF9B182101906600DEA097 /* Shared */,
				18AF9B172101905100DEA097 /* Network */,
				18AF9B162101903600DEA097 /* Controllers */,
				18AF9B152101903000DEA097 /* Cells */,
				18AF9B1321018CA000DEA097 /* SupportingFiles */,
			);
			path = iTube;
			sourceTree = "<group>";
		};
		18AF9B1321018CA000DEA097 /* SupportingFiles */ = {
			isa = PBXGroup;
			children = (
				18AF9B0121018C5A00DEA097 /* AppDelegate.swift */,
				18AF9B0821018C5B00DEA097 /* Assets.xcassets */,
				18AF9B0A21018C5B00DEA097 /* LaunchScreen.storyboard */,
				18AF9B0D21018C5B00DEA097 /* Info.plist */,
			);
			path = SupportingFiles;
			sourceTree = "<group>";
		};
		18AF9B152101903000DEA097 /* Cells */ = {
			isa = PBXGroup;
			children = (
				184F09952102605D003EE946 /* CategoryCell.swift */,
				18866F8C21055CB5009A1683 /* FavouriteCell.swift */,
			);
			path = Cells;
			sourceTree = "<group>";
		};
		18AF9B162101903600DEA097 /* Controllers */ = {
			isa = PBXGroup;
			children = (
				18866F8E21056DC0009A1683 /* Favourite */,
				184F099221024BE0003EE946 /* Categories */,
				18AF9B282101AC8A00DEA097 /* MainTabBar */,
			);
			path = Controllers;
			sourceTree = "<group>";
		};
		18AF9B172101905100DEA097 /* Network */ = {
			isa = PBXGroup;
			children = (
				18AF9B1B2101916A00DEA097 /* GenericService.swift */,
			);
			path = Network;
			sourceTree = "<group>";
		};
		18AF9B182101906600DEA097 /* Shared */ = {
			isa = PBXGroup;
			children = (
				18AF9B1D2101921000DEA097 /* Method.swift */,
				18AF9B1F2101924F00DEA097 /* Object.swift */,
				18AF9B262101A9CA00DEA097 /* Values.swift */,
			);
			path = Shared;
			sourceTree = "<group>";
		};
		18AF9B282101AC8A00DEA097 /* MainTabBar */ = {
			isa = PBXGroup;
			children = (
				18AF9B19210190CC00DEA097 /* MainTabBarController.swift */,
			);
			path = MainTabBar;
			sourceTree = "<group>";
		};
		18AF9B2C2101BCCE00DEA097 /* Utility */ = {
			isa = PBXGroup;
			children = (
				18AF9B2D2101BCDF00DEA097 /* Extenstions */,
			);
			path = Utility;
			sourceTree = "<group>";
		};
		18AF9B2D2101BCDF00DEA097 /* Extenstions */ = {
			isa = PBXGroup;
			children = (
				18AF9B2E2101BCF600DEA097 /* ColorExtention.swift */,
			);
			path = Extenstions;
			sourceTree = "<group>";
		};
		E595E41D919E81858030E7D0 /* Frameworks */ = {
			isa = PBXGroup;
			children = (
				D8156F2A792F1FFE83765C0F /* Pods_iTube.framework */,
			);
			name = Frameworks;
			sourceTree = "<group>";
		};
/* End PBXGroup section */

/* Begin PBXNativeTarget section */
		18AF9AFD21018C5A00DEA097 /* iTube */ = {
			isa = PBXNativeTarget;
			buildConfigurationList = 18AF9B1021018C5B00DEA097 /* Build configuration list for PBXNativeTarget "iTube" */;
			buildPhases = (
				279743046461F6EFD1CA21B5 /* [CP] Check Pods Manifest.lock */,
				18AF9AFA21018C5A00DEA097 /* Sources */,
				18AF9AFB21018C5A00DEA097 /* Frameworks */,
				18AF9AFC21018C5A00DEA097 /* Resources */,
				ADF3D723914FE789E7BF136C /* [CP] Embed Pods Frameworks */,
			);
			buildRules = (
			);
			dependencies = (
			);
			name = iTube;
			productName = iTube;
			productReference = 18AF9AFE21018C5A00DEA097 /* iTube.app */;
			productType = "com.apple.product-type.application";
		};
/* End PBXNativeTarget section */

/* Begin PBXProject section */
		18AF9AF621018C5A00DEA097 /* Project object */ = {
			isa = PBXProject;
			attributes = {
				LastSwiftUpdateCheck = 0940;
				LastUpgradeCheck = 0940;
				ORGANIZATIONNAME = syntaxerror;
				TargetAttributes = {
					18AF9AFD21018C5A00DEA097 = {
						CreatedOnToolsVersion = 9.4;
					};
				};
			};
			buildConfigurationList = 18AF9AF921018C5A00DEA097 /* Build configuration list for PBXProject "iTube" */;
			compatibilityVersion = "Xcode 9.3";
			developmentRegion = en;
			hasScannedForEncodings = 0;
			knownRegions = (
				en,
				Base,
			);
			mainGroup = 18AF9AF521018C5900DEA097;
			productRefGroup = 18AF9AFF21018C5A00DEA097 /* Products */;
			projectDirPath = "";
			projectRoot = "";
			targets = (
				18AF9AFD21018C5A00DEA097 /* iTube */,
			);
		};
/* End PBXProject section */

/* Begin PBXResourcesBuildPhase section */
		18AF9AFC21018C5A00DEA097 /* Resources */ = {
			isa = PBXResourcesBuildPhase;
			buildActionMask = 2147483647;
			files = (
				18AF9B0C21018C5B00DEA097 /* LaunchScreen.storyboard in Resources */,
				18AF9B0921018C5B00DEA097 /* Assets.xcassets in Resources */,
			);
			runOnlyForDeploymentPostprocessing = 0;
		};
/* End PBXResourcesBuildPhase section */

/* Begin PBXShellScriptBuildPhase section */
		279743046461F6EFD1CA21B5 /* [CP] Check Pods Manifest.lock */ = {
			isa = PBXShellScriptBuildPhase;
			buildActionMask = 2147483647;
			files = (
			);
			inputPaths = (
				"${PODS_PODFILE_DIR_PATH}/Podfile.lock",
				"${PODS_ROOT}/Manifest.lock",
			);
			name = "[CP] Check Pods Manifest.lock";
			outputPaths = (
				"$(DERIVED_FILE_DIR)/Pods-iTube-checkManifestLockResult.txt",
			);
			runOnlyForDeploymentPostprocessing = 0;
			shellPath = /bin/sh;
			shellScript = "diff \"${PODS_PODFILE_DIR_PATH}/Podfile.lock\" \"${PODS_ROOT}/Manifest.lock\" > /dev/null\nif [ $? != 0 ] ; then\n    # print error to STDERR\n    echo \"error: The sandbox is not in sync with the Podfile.lock. Run 'pod install' or update your CocoaPods installation.\" >&2\n    exit 1\nfi\n# This output is used by Xcode 'outputs' to avoid re-running this script phase.\necho \"SUCCESS\" > \"${SCRIPT_OUTPUT_FILE_0}\"\n";
			showEnvVarsInLog = 0;
		};
		ADF3D723914FE789E7BF136C /* [CP] Embed Pods Frameworks */ = {
			isa = PBXShellScriptBuildPhase;
			buildActionMask = 2147483647;
			files = (
			);
			inputPaths = (
				"${SRCROOT}/Pods/Target Support Files/Pods-iTube/Pods-iTube-frameworks.sh",
				"${BUILT_PRODUCTS_DIR}/Alamofire/Alamofire.framework",
				"${BUILT_PRODUCTS_DIR}/ReachabilitySwift/Reachability.framework",
			);
			name = "[CP] Embed Pods Frameworks";
			outputPaths = (
				"${TARGET_BUILD_DIR}/${FRAMEWORKS_FOLDER_PATH}/Alamofire.framework",
				"${TARGET_BUILD_DIR}/${FRAMEWORKS_FOLDER_PATH}/Reachability.framework",
			);
			runOnlyForDeploymentPostprocessing = 0;
			shellPath = /bin/sh;
			shellScript = "\"${SRCROOT}/Pods/Target Support Files/Pods-iTube/Pods-iTube-frameworks.sh\"\n";
			showEnvVarsInLog = 0;
		};
/* End PBXShellScriptBuildPhase section */

/* Begin PBXSourcesBuildPhase section */
		18AF9AFA21018C5A00DEA097 /* Sources */ = {
			isa = PBXSourcesBuildPhase;
			buildActionMask = 2147483647;
			files = (
				18AF9B202101924F00DEA097 /* Object.swift in Sources */,
				184F09992102688A003EE946 /* Category.swift in Sources */,
				18AF9B272101A9CA00DEA097 /* Values.swift in Sources */,
				18AF9B1E2101921000DEA097 /* Method.swift in Sources */,
				18AF9B1A210190CC00DEA097 /* MainTabBarController.swift in Sources */,
				18AF9B2F2101BCF600DEA097 /* ColorExtention.swift in Sources */,
				184F09962102605D003EE946 /* CategoryCell.swift in Sources */,
				184F099B2102B953003EE946 /* Video.swift in Sources */,
				184F099421024C0B003EE946 /* CategoryController.swift in Sources */,
				18866F8D21055CB5009A1683 /* FavouriteCell.swift in Sources */,
				18866F9021056E06009A1683 /* FavouriteController.swift in Sources */,
				18AF9B0221018C5A00DEA097 /* AppDelegate.swift in Sources */,
				18AF9B1C2101916A00DEA097 /* GenericService.swift in Sources */,
			);
			runOnlyForDeploymentPostprocessing = 0;
		};
/* End PBXSourcesBuildPhase section */

/* Begin PBXVariantGroup section */
		18AF9B0A21018C5B00DEA097 /* LaunchScreen.storyboard */ = {
			isa = PBXVariantGroup;
			children = (
				18AF9B0B21018C5B00DEA097 /* Base */,
			);
			name = LaunchScreen.storyboard;
			sourceTree = "<group>";
		};
/* End PBXVariantGroup section */

/* Begin XCBuildConfiguration section */
		18AF9B0E21018C5B00DEA097 /* Debug */ = {
			isa = XCBuildConfiguration;
			buildSettings = {
				ALWAYS_SEARCH_USER_PATHS = NO;
				CLANG_ANALYZER_NONNULL = YES;
				CLANG_ANALYZER_NUMBER_OBJECT_CONVERSION = YES_AGGRESSIVE;
				CLANG_CXX_LANGUAGE_STANDARD = "gnu++14";
				CLANG_CXX_LIBRARY = "libc++";
				CLANG_ENABLE_MODULES = YES;
				CLANG_ENABLE_OBJC_ARC = YES;
				CLANG_ENABLE_OBJC_WEAK = YES;
				CLANG_WARN_BLOCK_CAPTURE_AUTORELEASING = YES;
				CLANG_WARN_BOOL_CONVERSION = YES;
				CLANG_WARN_COMMA = YES;
				CLANG_WARN_CONSTANT_CONVERSION = YES;
				CLANG_WARN_DEPRECATED_OBJC_IMPLEMENTATIONS = YES;
				CLANG_WARN_DIRECT_OBJC_ISA_USAGE = YES_ERROR;
				CLANG_WARN_DOCUMENTATION_COMMENTS = YES;
				CLANG_WARN_EMPTY_BODY = YES;
				CLANG_WARN_ENUM_CONVERSION = YES;
				CLANG_WARN_INFINITE_RECURSION = YES;
				CLANG_WARN_INT_CONVERSION = YES;
				CLANG_WARN_NON_LITERAL_NULL_CONVERSION = YES;
				CLANG_WARN_OBJC_IMPLICIT_RETAIN_SELF = YES;
				CLANG_WARN_OBJC_LITERAL_CONVERSION = YES;
				CLANG_WARN_OBJC_ROOT_CLASS = YES_ERROR;
				CLANG_WARN_RANGE_LOOP_ANALYSIS = YES;
				CLANG_WARN_STRICT_PROTOTYPES = YES;
				CLANG_WARN_SUSPICIOUS_MOVE = YES;
				CLANG_WARN_UNGUARDED_AVAILABILITY = YES_AGGRESSIVE;
				CLANG_WARN_UNREACHABLE_CODE = YES;
				CLANG_WARN__DUPLICATE_METHOD_MATCH = YES;
				CODE_SIGN_IDENTITY = "iPhone Developer";
				COPY_PHASE_STRIP = NO;
				DEBUG_INFORMATION_FORMAT = dwarf;
				ENABLE_STRICT_OBJC_MSGSEND = YES;
				ENABLE_TESTABILITY = YES;
				GCC_C_LANGUAGE_STANDARD = gnu11;
				GCC_DYNAMIC_NO_PIC = NO;
				GCC_NO_COMMON_BLOCKS = YES;
				GCC_OPTIMIZATION_LEVEL = 0;
				GCC_PREPROCESSOR_DEFINITIONS = (
					"DEBUG=1",
					"$(inherited)",
				);
				GCC_WARN_64_TO_32_BIT_CONVERSION = YES;
				GCC_WARN_ABOUT_RETURN_TYPE = YES_ERROR;
				GCC_WARN_UNDECLARED_SELECTOR = YES;
				GCC_WARN_UNINITIALIZED_AUTOS = YES_AGGRESSIVE;
				GCC_WARN_UNUSED_FUNCTION = YES;
				GCC_WARN_UNUSED_VARIABLE = YES;
				IPHONEOS_DEPLOYMENT_TARGET = 11.4;
				MTL_ENABLE_DEBUG_INFO = YES;
				ONLY_ACTIVE_ARCH = YES;
				SDKROOT = iphoneos;
				SWIFT_ACTIVE_COMPILATION_CONDITIONS = DEBUG;
				SWIFT_OPTIMIZATION_LEVEL = "-Onone";
			};
			name = Debug;
		};
		18AF9B0F21018C5B00DEA097 /* Release */ = {
			isa = XCBuildConfiguration;
			buildSettings = {
				ALWAYS_SEARCH_USER_PATHS = NO;
				CLANG_ANALYZER_NONNULL = YES;
				CLANG_ANALYZER_NUMBER_OBJECT_CONVERSION = YES_AGGRESSIVE;
				CLANG_CXX_LANGUAGE_STANDARD = "gnu++14";
				CLANG_CXX_LIBRARY = "libc++";
				CLANG_ENABLE_MODULES = YES;
				CLANG_ENABLE_OBJC_ARC = YES;
				CLANG_ENABLE_OBJC_WEAK = YES;
				CLANG_WARN_BLOCK_CAPTURE_AUTORELEASING = YES;
				CLANG_WARN_BOOL_CONVERSION = YES;
				CLANG_WARN_COMMA = YES;
				CLANG_WARN_CONSTANT_CONVERSION = YES;
				CLANG_WARN_DEPRECATED_OBJC_IMPLEMENTATIONS = YES;
				CLANG_WARN_DIRECT_OBJC_ISA_USAGE = YES_ERROR;
				CLANG_WARN_DOCUMENTATION_COMMENTS = YES;
				CLANG_WARN_EMPTY_BODY = YES;
				CLANG_WARN_ENUM_CONVERSION = YES;
				CLANG_WARN_INFINITE_RECURSION = YES;
				CLANG_WARN_INT_CONVERSION = YES;
				CLANG_WARN_NON_LITERAL_NULL_CONVERSION = YES;
				CLANG_WARN_OBJC_IMPLICIT_RETAIN_SELF = YES;
				CLANG_WARN_OBJC_LITERAL_CONVERSION = YES;
				CLANG_WARN_OBJC_ROOT_CLASS = YES_ERROR;
				CLANG_WARN_RANGE_LOOP_ANALYSIS = YES;
				CLANG_WARN_STRICT_PROTOTYPES = YES;
				CLANG_WARN_SUSPICIOUS_MOVE = YES;
				CLANG_WARN_UNGUARDED_AVAILABILITY = YES_AGGRESSIVE;
				CLANG_WARN_UNREACHABLE_CODE = YES;
				CLANG_WARN__DUPLICATE_METHOD_MATCH = YES;
				CODE_SIGN_IDENTITY = "iPhone Developer";
				COPY_PHASE_STRIP = NO;
				DEBUG_INFORMATION_FORMAT = "dwarf-with-dsym";
				ENABLE_NS_ASSERTIONS = NO;
				ENABLE_STRICT_OBJC_MSGSEND = YES;
				GCC_C_LANGUAGE_STANDARD = gnu11;
				GCC_NO_COMMON_BLOCKS = YES;
				GCC_WARN_64_TO_32_BIT_CONVERSION = YES;
				GCC_WARN_ABOUT_RETURN_TYPE = YES_ERROR;
				GCC_WARN_UNDECLARED_SELECTOR = YES;
				GCC_WARN_UNINITIALIZED_AUTOS = YES_AGGRESSIVE;
				GCC_WARN_UNUSED_FUNCTION = YES;
				GCC_WARN_UNUSED_VARIABLE = YES;
				IPHONEOS_DEPLOYMENT_TARGET = 11.4;
				MTL_ENABLE_DEBUG_INFO = NO;
				SDKROOT = iphoneos;
				SWIFT_COMPILATION_MODE = wholemodule;
				SWIFT_OPTIMIZATION_LEVEL = "-O";
				VALIDATE_PRODUCT = YES;
			};
			name = Release;
		};
		18AF9B1121018C5B00DEA097 /* Debug */ = {
			isa = XCBuildConfiguration;
			baseConfigurationReference = 48D9300EE1857DFDB258341B /* Pods-iTube.debug.xcconfig */;
			buildSettings = {
				ASSETCATALOG_COMPILER_APPICON_NAME = AppIcon;
				CODE_SIGN_STYLE = Automatic;
				DEVELOPMENT_TEAM = 8NCTK3T989;
				INFOPLIST_FILE = "$(SRCROOT)/iTube/SupportingFiles/Info.plist";
				LD_RUNPATH_SEARCH_PATHS = (
					"$(inherited)",
					"@executable_path/Frameworks",
				);
				PRODUCT_BUNDLE_IDENTIFIER = "com.-syntaxerror.iTube";
				PRODUCT_NAME = "$(TARGET_NAME)";
				SWIFT_VERSION = 4.0;
				TARGETED_DEVICE_FAMILY = "1,2";
			};
			name = Debug;
		};
		18AF9B1221018C5B00DEA097 /* Release */ = {
			isa = XCBuildConfiguration;
			baseConfigurationReference = D495556103A62E25C38B48F9 /* Pods-iTube.release.xcconfig */;
			buildSettings = {
				ASSETCATALOG_COMPILER_APPICON_NAME = AppIcon;
				CODE_SIGN_STYLE = Automatic;
				DEVELOPMENT_TEAM = 8NCTK3T989;
				INFOPLIST_FILE = "$(SRCROOT)/iTube/SupportingFiles/Info.plist";
				LD_RUNPATH_SEARCH_PATHS = (
					"$(inherited)",
					"@executable_path/Frameworks",
				);
				PRODUCT_BUNDLE_IDENTIFIER = "com.-syntaxerror.iTube";
				PRODUCT_NAME = "$(TARGET_NAME)";
				SWIFT_VERSION = 4.0;
				TARGETED_DEVICE_FAMILY = "1,2";
			};
			name = Release;
		};
/* End XCBuildConfiguration section */

/* Begin XCConfigurationList section */
		18AF9AF921018C5A00DEA097 /* Build configuration list for PBXProject "iTube" */ = {
			isa = XCConfigurationList;
			buildConfigurations = (
				18AF9B0E21018C5B00DEA097 /* Debug */,
				18AF9B0F21018C5B00DEA097 /* Release */,
			);
			defaultConfigurationIsVisible = 0;
			defaultConfigurationName = Release;
		};
		18AF9B1021018C5B00DEA097 /* Build configuration list for PBXNativeTarget "iTube" */ = {
			isa = XCConfigurationList;
			buildConfigurations = (
				18AF9B1121018C5B00DEA097 /* Debug */,
				18AF9B1221018C5B00DEA097 /* Release */,
			);
			defaultConfigurationIsVisible = 0;
			defaultConfigurationName = Release;
		};
/* End XCConfigurationList section */
	};
	rootObject = 18AF9AF621018C5A00DEA097 /* Project object */;
}
